
Microsoft Visual Studio Solution File, Format Version 12.00
# Visual Studio Version 17
VisualStudioVersion = 17.1.32228.430
MinimumVisualStudioVersion = 10.0.40219.1
Project("{9A19103F-16F7-4668-BE54-9A1E7A4F7556}") = "LaborExchangeApi", "LaborExchangeApi\LaborExchangeApi.csproj", "{997CC667-0170-4F79-819A-0AD89EBD8508}"
EndProject
Project("{9A19103F-16F7-4668-BE54-9A1E7A4F7556}") = "LaborExchangeApplication", "LaborExchangeApplication\LaborExchangeApplication.csproj", "{F60C807F-413A-4F1E-827E-FBB3777739BC}"
EndProject
Global
	GlobalSection(SolutionConfigurationPlatforms) = preSolution
		Debug|Any CPU = Debug|Any CPU
		Release|Any CPU = Release|Any CPU
	EndGlobalSection
	GlobalSection(ProjectConfigurationPlatforms) = postSolution
		{997CC667-0170-4F79-819A-0AD89EBD8508}.Debug|Any CPU.ActiveCfg = Debug|Any CPU
		{997CC667-0170-4F79-819A-0AD89EBD8508}.Debug|Any CPU.Build.0 = Debug|Any CPU
		{997CC667-0170-4F79-819A-0AD89EBD8508}.Release|Any CPU.ActiveCfg = Release|Any CPU
		{997CC667-0170-4F79-819A-0AD89EBD8508}.Release|Any CPU.Build.0 = Release|Any CPU
		{F60C807F-413A-4F1E-827E-FBB3777739BC}.Debug|Any CPU.ActiveCfg = Debug|Any CPU
		{F60C807F-413A-4F1E-827E-FBB3777739BC}.Debug|Any CPU.Build.0 = Debug|Any CPU
		{F60C807F-413A-4F1E-827E-FBB3777739BC}.Release|Any CPU.ActiveCfg = Release|Any CPU
		{F60C807F-413A-4F1E-827E-FBB3777739BC}.Release|Any CPU.Build.0 = Release|Any CPU
	EndGlobalSection
	GlobalSection(SolutionProperties) = preSolution
		HideSolutionNode = FALSE
	EndGlobalSection
	GlobalSection(ExtensibilityGlobals) = postSolution
		SolutionGuid = {64683567-7BBF-42C0-AE5B-543736F12701}
	EndGlobalSection
EndGlobal
